
Microsoft Visual Studio Solution File, Format Version 12.00
# Visual Studio Version 16
VisualStudioVersion = 16.0.33529.622
MinimumVisualStudioVersion = 10.0.40219.1
Project("{FAE04EC0-301F-11D3-BF4B-00C04F79EFBC}") = "OMRON PLC Information", "OmronPlcCInfoDotNetLib\OmronPlcCInfoDotNetLib.csproj", "{02C2F457-4270-4756-A9DA-069F612EBAE0}"
EndProject
Global
	GlobalSection(SolutionConfigurationPlatforms) = preSolution
		Debug|Any CPU = Debug|Any CPU
		Release|Any CPU = Release|Any CPU
	EndGlobalSection
	GlobalSection(ProjectConfigurationPlatforms) = postSolution
		{02C2F457-4270-4756-A9DA-069F612EBAE0}.Debug|Any CPU.ActiveCfg = Debug|Any CPU
		{02C2F457-4270-4756-A9DA-069F612EBAE0}.Debug|Any CPU.Build.0 = Debug|Any CPU
		{02C2F457-4270-4756-A9DA-069F612EBAE0}.Release|Any CPU.ActiveCfg = Release|Any CPU
		{02C2F457-4270-4756-A9DA-069F612EBAE0}.Release|Any CPU.Build.0 = Release|Any CPU
	EndGlobalSection
	GlobalSection(SolutionProperties) = preSolution
		HideSolutionNode = FALSE
	EndGlobalSection
	GlobalSection(ExtensibilityGlobals) = postSolution
		SolutionGuid = {92DCC0AF-5D78-44C2-A633-D1A8B59E43E6}
	EndGlobalSection
EndGlobal
